
Microsoft Visual Studio Solution File, Format Version 12.00
# Visual Studio 2013
VisualStudioVersion = 12.0.40629.0
MinimumVisualStudioVersion = 10.0.40219.1
Project("{CC5FD16D-436D-48AD-A40C-5A424C6E3E79}") = "PiSpy.Server", "PiSpy.Server\PiSpy.Server.ccproj", "{17A4735A-C4C4-4B31-9D3A-39F8F056050A}"
EndProject
Project("{FAE04EC0-301F-11D3-BF4B-00C04F79EFBC}") = "WebRole1", "WebRole1\WebRole1.csproj", "{088E8C2D-23ED-4F8D-A210-E871DF96AFAD}"
EndProject
Project("{FAE04EC0-301F-11D3-BF4B-00C04F79EFBC}") = "WorkerRole1", "WorkerRole1\WorkerRole1.csproj", "{9F24837C-0398-429E-BA57-C11FB24111D2}"
EndProject
Global
	GlobalSection(TeamFoundationVersionControl) = preSolution
		SccNumberOfProjects = 4
		SccEnterpriseProvider = {4CA58AB2-18FA-4F8D-95D4-32DDF27D184C}
		SccTeamFoundationServer = https://johnrosewicz.visualstudio.com/defaultcollection
		SccLocalPath0 = .
		SccProjectUniqueName1 = PiSpy.Server\\PiSpy.Server.ccproj
		SccProjectName1 = PiSpy.Server
		SccLocalPath1 = PiSpy.Server
		SccProjectUniqueName2 = WebRole1\\WebRole1.csproj
		SccProjectName2 = WebRole1
		SccLocalPath2 = WebRole1
		SccProjectUniqueName3 = WorkerRole1\\WorkerRole1.csproj
		SccProjectName3 = WorkerRole1
		SccLocalPath3 = WorkerRole1
	EndGlobalSection
	GlobalSection(SolutionConfigurationPlatforms) = preSolution
		Debug|Any CPU = Debug|Any CPU
		Release|Any CPU = Release|Any CPU
	EndGlobalSection
	GlobalSection(ProjectConfigurationPlatforms) = postSolution
		{17A4735A-C4C4-4B31-9D3A-39F8F056050A}.Debug|Any CPU.ActiveCfg = Debug|Any CPU
		{17A4735A-C4C4-4B31-9D3A-39F8F056050A}.Debug|Any CPU.Build.0 = Debug|Any CPU
		{17A4735A-C4C4-4B31-9D3A-39F8F056050A}.Release|Any CPU.ActiveCfg = Release|Any CPU
		{17A4735A-C4C4-4B31-9D3A-39F8F056050A}.Release|Any CPU.Build.0 = Release|Any CPU
		{088E8C2D-23ED-4F8D-A210-E871DF96AFAD}.Debug|Any CPU.ActiveCfg = Debug|Any CPU
		{088E8C2D-23ED-4F8D-A210-E871DF96AFAD}.Debug|Any CPU.Build.0 = Debug|Any CPU
		{088E8C2D-23ED-4F8D-A210-E871DF96AFAD}.Release|Any CPU.ActiveCfg = Release|Any CPU
		{088E8C2D-23ED-4F8D-A210-E871DF96AFAD}.Release|Any CPU.Build.0 = Release|Any CPU
		{9F24837C-0398-429E-BA57-C11FB24111D2}.Debug|Any CPU.ActiveCfg = Debug|Any CPU
		{9F24837C-0398-429E-BA57-C11FB24111D2}.Debug|Any CPU.Build.0 = Debug|Any CPU
		{9F24837C-0398-429E-BA57-C11FB24111D2}.Release|Any CPU.ActiveCfg = Release|Any CPU
		{9F24837C-0398-429E-BA57-C11FB24111D2}.Release|Any CPU.Build.0 = Release|Any CPU
	EndGlobalSection
	GlobalSection(SolutionProperties) = preSolution
		HideSolutionNode = FALSE
	EndGlobalSection
EndGlobal
